
Microsoft Visual Studio Solution File, Format Version 12.00
# Visual Studio 2013
VisualStudioVersion = 12.0.21005.1
MinimumVisualStudioVersion = 10.0.40219.1
Project("{FAE04EC0-301F-11D3-BF4B-00C04F79EFBC}") = "FluentRegex", "FluentRegex\FluentRegex.csproj", "{24967A5C-AD44-4293-A334-E506B0D34AFA}"
EndProject
Project("{FAE04EC0-301F-11D3-BF4B-00C04F79EFBC}") = "FluentRegex.Tests", "FluentRegex.Tests\FluentRegex.Tests.csproj", "{9E84DA7B-4E56-49F4-81BB-23AB605BC786}"
EndProject
Global
	GlobalSection(SolutionConfigurationPlatforms) = preSolution
		Debug|Any CPU = Debug|Any CPU
		Release|Any CPU = Release|Any CPU
	EndGlobalSection
	GlobalSection(ProjectConfigurationPlatforms) = postSolution
		{24967A5C-AD44-4293-A334-E506B0D34AFA}.Debug|Any CPU.ActiveCfg = Debug|Any CPU
		{24967A5C-AD44-4293-A334-E506B0D34AFA}.Debug|Any CPU.Build.0 = Debug|Any CPU
		{24967A5C-AD44-4293-A334-E506B0D34AFA}.Release|Any CPU.ActiveCfg = Release|Any CPU
		{24967A5C-AD44-4293-A334-E506B0D34AFA}.Release|Any CPU.Build.0 = Release|Any CPU
		{9E84DA7B-4E56-49F4-81BB-23AB605BC786}.Debug|Any CPU.ActiveCfg = Debug|Any CPU
		{9E84DA7B-4E56-49F4-81BB-23AB605BC786}.Debug|Any CPU.Build.0 = Debug|Any CPU
		{9E84DA7B-4E56-49F4-81BB-23AB605BC786}.Release|Any CPU.ActiveCfg = Release|Any CPU
		{9E84DA7B-4E56-49F4-81BB-23AB605BC786}.Release|Any CPU.Build.0 = Release|Any CPU
	EndGlobalSection
	GlobalSection(SolutionProperties) = preSolution
		HideSolutionNode = FALSE
	EndGlobalSection
EndGlobal
